{
  "name": "http-ec",
  "version": "0.3.0",
  "lockfileVersion": 2,
  "requires": true,
  "packages": {
    "": {
      "name": "http-ec",
      "version": "0.3.0",
      "license": "MIT",
      "dependencies": {
        "@deno/shim-crypto": "~0.3.1"
      }
    },
    "node_modules/@deno/shim-crypto": {
      "version": "0.3.1",
      "resolved": "https://registry.npmjs.org/@deno/shim-crypto/-/shim-crypto-0.3.1.tgz",
      "integrity": "sha512-ed4pNnfur6UbASEgF34gVxR9p7Mc3qF+Ygbmjiil8ws5IhNFhPDFy5vE5hQAUA9JmVsSxXPcVLM5Rf8LOZqQ5Q=="
    }
  },
  "dependencies": {
    "@deno/shim-crypto": {
      "version": "0.3.1",
      "resolved": "https://registry.npmjs.org/@deno/shim-crypto/-/shim-crypto-0.3.1.tgz",
      "integrity": "sha512-ed4pNnfur6UbASEgF34gVxR9p7Mc3qF+Ygbmjiil8ws5IhNFhPDFy5vE5hQAUA9JmVsSxXPcVLM5Rf8LOZqQ5Q=="
    }
  }
}
